// !$*UTF8*$!
{
	archiveVersion = 1;
	classes = {
	};
	objectVersion = 56;
	objects = {

/* Begin PBXBuildFile section */
		9EFE92F32B386FDE0058237A /* job_searchApp.swift in Sources */ = {isa = PBXBuildFile; fileRef = 9EFE92F22B386FDE0058237A /* job_searchApp.swift */; };
		9EFE92F52B386FDE0058237A /* ContentView.swift in Sources */ = {isa = PBXBuildFile; fileRef = 9EFE92F42B386FDE0058237A /* ContentView.swift */; };
		9EFE92F72B386FE00058237A /* Assets.xcassets in Resources */ = {isa = PBXBuildFile; fileRef = 9EFE92F62B386FE00058237A /* Assets.xcassets */; };
		9EFE92FA2B386FE00058237A /* Preview Assets.xcassets in Resources */ = {isa = PBXBuildFile; fileRef = 9EFE92F92B386FE00058237A /* Preview Assets.xcassets */; };
		9EFE93012B387E300058237A /* NetworkService.swift in Sources */ = {isa = PBXBuildFile; fileRef = 9EFE93002B387E300058237A /* NetworkService.swift */; };
		9EFE93042B387F0F0058237A /* Alamofire in Frameworks */ = {isa = PBXBuildFile; productRef = 9EFE93032B387F0F0058237A /* Alamofire */; };
		9EFE93062B3881E10058237A /* NewsModel.swift in Sources */ = {isa = PBXBuildFile; fileRef = 9EFE93052B3881E10058237A /* NewsModel.swift */; };
		9EFE93082B38A4150058237A /* ItemView.swift in Sources */ = {isa = PBXBuildFile; fileRef = 9EFE93072B38A4150058237A /* ItemView.swift */; };
		9EFE930D2B39A1920058237A /* InitialNewsViewModel.swift in Sources */ = {isa = PBXBuildFile; fileRef = 9EFE930C2B39A1920058237A /* InitialNewsViewModel.swift */; };
		9EFE930F2B39E19A0058237A /* NewsListView.swift in Sources */ = {isa = PBXBuildFile; fileRef = 9EFE930E2B39E19A0058237A /* NewsListView.swift */; };
		9EFE93112B3AA7110058237A /* CategoryButtons.swift in Sources */ = {isa = PBXBuildFile; fileRef = 9EFE93102B3AA7110058237A /* CategoryButtons.swift */; };
		9EFE93132B3AB5610058237A /* CategoryButtonsViewModel.swift in Sources */ = {isa = PBXBuildFile; fileRef = 9EFE93122B3AB5610058237A /* CategoryButtonsViewModel.swift */; };
/* End PBXBuildFile section */

/* Begin PBXFileReference section */
		9EFE92EF2B386FDE0058237A /* news.app */ = {isa = PBXFileReference; explicitFileType = wrapper.application; includeInIndex = 0; path = news.app; sourceTree = BUILT_PRODUCTS_DIR; };
		9EFE92F22B386FDE0058237A /* job_searchApp.swift */ = {isa = PBXFileReference; lastKnownFileType = sourcecode.swift; path = job_searchApp.swift; sourceTree = "<group>"; };
		9EFE92F42B386FDE0058237A /* ContentView.swift */ = {isa = PBXFileReference; lastKnownFileType = sourcecode.swift; path = ContentView.swift; sourceTree = "<group>"; };
		9EFE92F62B386FE00058237A /* Assets.xcassets */ = {isa = PBXFileReference; lastKnownFileType = folder.assetcatalog; path = Assets.xcassets; sourceTree = "<group>"; };
		9EFE92F92B386FE00058237A /* Preview Assets.xcassets */ = {isa = PBXFileReference; lastKnownFileType = folder.assetcatalog; path = "Preview Assets.xcassets"; sourceTree = "<group>"; };
		9EFE93002B387E300058237A /* NetworkService.swift */ = {isa = PBXFileReference; lastKnownFileType = sourcecode.swift; path = NetworkService.swift; sourceTree = "<group>"; };
		9EFE93052B3881E10058237A /* NewsModel.swift */ = {isa = PBXFileReference; lastKnownFileType = sourcecode.swift; path = NewsModel.swift; sourceTree = "<group>"; };
		9EFE93072B38A4150058237A /* ItemView.swift */ = {isa = PBXFileReference; lastKnownFileType = sourcecode.swift; path = ItemView.swift; sourceTree = "<group>"; };
		9EFE930C2B39A1920058237A /* InitialNewsViewModel.swift */ = {isa = PBXFileReference; lastKnownFileType = sourcecode.swift; path = InitialNewsViewModel.swift; sourceTree = "<group>"; };
		9EFE930E2B39E19A0058237A /* NewsListView.swift */ = {isa = PBXFileReference; lastKnownFileType = sourcecode.swift; path = NewsListView.swift; sourceTree = "<group>"; };
		9EFE93102B3AA7110058237A /* CategoryButtons.swift */ = {isa = PBXFileReference; lastKnownFileType = sourcecode.swift; path = CategoryButtons.swift; sourceTree = "<group>"; };
		9EFE93122B3AB5610058237A /* CategoryButtonsViewModel.swift */ = {isa = PBXFileReference; lastKnownFileType = sourcecode.swift; path = CategoryButtonsViewModel.swift; sourceTree = "<group>"; };
/* End PBXFileReference section */

/* Begin PBXFrameworksBuildPhase section */
		9EFE92EC2B386FDE0058237A /* Frameworks */ = {
			isa = PBXFrameworksBuildPhase;
			buildActionMask = 2147483647;
			files = (
				9EFE93042B387F0F0058237A /* Alamofire in Frameworks */,
			);
			runOnlyForDeploymentPostprocessing = 0;
		};
/* End PBXFrameworksBuildPhase section */

/* Begin PBXGroup section */
		9EFE92E62B386FDE0058237A = {
			isa = PBXGroup;
			children = (
				9EFE92F12B386FDE0058237A /* news */,
				9EFE92F02B386FDE0058237A /* Products */,
			);
			sourceTree = "<group>";
		};
		9EFE92F02B386FDE0058237A /* Products */ = {
			isa = PBXGroup;
			children = (
				9EFE92EF2B386FDE0058237A /* news.app */,
			);
			name = Products;
			sourceTree = "<group>";
		};
		9EFE92F12B386FDE0058237A /* news */ = {
			isa = PBXGroup;
			children = (
				9EFE93002B387E300058237A /* NetworkService.swift */,
				9EFE930B2B39A13F0058237A /* ViewModel */,
				9EFE930A2B39A1370058237A /* View */,
				9EFE93092B39A12F0058237A /* Model  */,
				9EFE92F22B386FDE0058237A /* job_searchApp.swift */,
				9EFE92F62B386FE00058237A /* Assets.xcassets */,
				9EFE92F82B386FE00058237A /* Preview Content */,
			);
			path = news;
			sourceTree = "<group>";
		};
		9EFE92F82B386FE00058237A /* Preview Content */ = {
			isa = PBXGroup;
			children = (
				9EFE92F92B386FE00058237A /* Preview Assets.xcassets */,
			);
			path = "Preview Content";
			sourceTree = "<group>";
		};
		9EFE93092B39A12F0058237A /* Model  */ = {
			isa = PBXGroup;
			children = (
				9EFE93052B3881E10058237A /* NewsModel.swift */,
			);
			path = "Model ";
			sourceTree = "<group>";
		};
		9EFE930A2B39A1370058237A /* View */ = {
			isa = PBXGroup;
			children = (
				9EFE93072B38A4150058237A /* ItemView.swift */,
				9EFE92F42B386FDE0058237A /* ContentView.swift */,
				9EFE930E2B39E19A0058237A /* NewsListView.swift */,
				9EFE93102B3AA7110058237A /* CategoryButtons.swift */,
			);
			path = View;
			sourceTree = "<group>";
		};
		9EFE930B2B39A13F0058237A /* ViewModel */ = {
			isa = PBXGroup;
			children = (
				9EFE930C2B39A1920058237A /* InitialNewsViewModel.swift */,
				9EFE93122B3AB5610058237A /* CategoryButtonsViewModel.swift */,
			);
			path = ViewModel;
			sourceTree = "<group>";
		};
/* End PBXGroup section */

/* Begin PBXNativeTarget section */
		9EFE92EE2B386FDE0058237A /* news */ = {
			isa = PBXNativeTarget;
			buildConfigurationList = 9EFE92FD2B386FE00058237A /* Build configuration list for PBXNativeTarget "news" */;
			buildPhases = (
				9EFE92EB2B386FDE0058237A /* Sources */,
				9EFE92EC2B386FDE0058237A /* Frameworks */,
				9EFE92ED2B386FDE0058237A /* Resources */,
			);
			buildRules = (
			);
			dependencies = (
			);
			name = news;
			packageProductDependencies = (
				9EFE93032B387F0F0058237A /* Alamofire */,
			);
			productName = job_search;
			productReference = 9EFE92EF2B386FDE0058237A /* news.app */;
			productType = "com.apple.product-type.application";
		};
/* End PBXNativeTarget section */

/* Begin PBXProject section */
		9EFE92E72B386FDE0058237A /* Project object */ = {
			isa = PBXProject;
			attributes = {
				BuildIndependentTargetsInParallel = 1;
				LastSwiftUpdateCheck = 1500;
				LastUpgradeCheck = 1500;
				TargetAttributes = {
					9EFE92EE2B386FDE0058237A = {
						CreatedOnToolsVersion = 15.0;
					};
				};
			};
			buildConfigurationList = 9EFE92EA2B386FDE0058237A /* Build configuration list for PBXProject "news" */;
			compatibilityVersion = "Xcode 14.0";
			developmentRegion = en;
			hasScannedForEncodings = 0;
			knownRegions = (
				en,
				Base,
			);
			mainGroup = 9EFE92E62B386FDE0058237A;
			packageReferences = (
				9EFE93022B387F0F0058237A /* XCRemoteSwiftPackageReference "Alamofire" */,
			);
			productRefGroup = 9EFE92F02B386FDE0058237A /* Products */;
			projectDirPath = "";
			projectRoot = "";
			targets = (
				9EFE92EE2B386FDE0058237A /* news */,
			);
		};
/* End PBXProject section */

/* Begin PBXResourcesBuildPhase section */
		9EFE92ED2B386FDE0058237A /* Resources */ = {
			isa = PBXResourcesBuildPhase;
			buildActionMask = 2147483647;
			files = (
				9EFE92FA2B386FE00058237A /* Preview Assets.xcassets in Resources */,
				9EFE92F72B386FE00058237A /* Assets.xcassets in Resources */,
			);
			runOnlyForDeploymentPostprocessing = 0;
		};
/* End PBXResourcesBuildPhase section */

/* Begin PBXSourcesBuildPhase section */
		9EFE92EB2B386FDE0058237A /* Sources */ = {
			isa = PBXSourcesBuildPhase;
			buildActionMask = 2147483647;
			files = (
				9EFE930D2B39A1920058237A /* InitialNewsViewModel.swift in Sources */,
				9EFE93062B3881E10058237A /* NewsModel.swift in Sources */,
				9EFE92F52B386FDE0058237A /* ContentView.swift in Sources */,
				9EFE93132B3AB5610058237A /* CategoryButtonsViewModel.swift in Sources */,
				9EFE930F2B39E19A0058237A /* NewsListView.swift in Sources */,
				9EFE93012B387E300058237A /* NetworkService.swift in Sources */,
				9EFE93112B3AA7110058237A /* CategoryButtons.swift in Sources */,
				9EFE93082B38A4150058237A /* ItemView.swift in Sources */,
				9EFE92F32B386FDE0058237A /* job_searchApp.swift in Sources */,
			);
			runOnlyForDeploymentPostprocessing = 0;
		};
/* End PBXSourcesBuildPhase section */

/* Begin XCBuildConfiguration section */
		9EFE92FB2B386FE00058237A /* Debug */ = {
			isa = XCBuildConfiguration;
			buildSettings = {
				ALWAYS_SEARCH_USER_PATHS = NO;
				ASSETCATALOG_COMPILER_GENERATE_SWIFT_ASSET_SYMBOL_EXTENSIONS = YES;
				CLANG_ANALYZER_NONNULL = YES;
				CLANG_ANALYZER_NUMBER_OBJECT_CONVERSION = YES_AGGRESSIVE;
				CLANG_CXX_LANGUAGE_STANDARD = "gnu++20";
				CLANG_ENABLE_MODULES = YES;
				CLANG_ENABLE_OBJC_ARC = YES;
				CLANG_ENABLE_OBJC_WEAK = YES;
				CLANG_WARN_BLOCK_CAPTURE_AUTORELEASING = YES;
				CLANG_WARN_BOOL_CONVERSION = YES;
				CLANG_WARN_COMMA = YES;
				CLANG_WARN_CONSTANT_CONVERSION = YES;
				CLANG_WARN_DEPRECATED_OBJC_IMPLEMENTATIONS = YES;
				CLANG_WARN_DIRECT_OBJC_ISA_USAGE = YES_ERROR;
				CLANG_WARN_DOCUMENTATION_COMMENTS = YES;
				CLANG_WARN_EMPTY_BODY = YES;
				CLANG_WARN_ENUM_CONVERSION = YES;
				CLANG_WARN_INFINITE_RECURSION = YES;
				CLANG_WARN_INT_CONVERSION = YES;
				CLANG_WARN_NON_LITERAL_NULL_CONVERSION = YES;
				CLANG_WARN_OBJC_IMPLICIT_RETAIN_SELF = YES;
				CLANG_WARN_OBJC_LITERAL_CONVERSION = YES;
				CLANG_WARN_OBJC_ROOT_CLASS = YES_ERROR;
				CLANG_WARN_QUOTED_INCLUDE_IN_FRAMEWORK_HEADER = YES;
				CLANG_WARN_RANGE_LOOP_ANALYSIS = YES;
				CLANG_WARN_STRICT_PROTOTYPES = YES;
				CLANG_WARN_SUSPICIOUS_MOVE = YES;
				CLANG_WARN_UNGUARDED_AVAILABILITY = YES_AGGRESSIVE;
				CLANG_WARN_UNREACHABLE_CODE = YES;
				CLANG_WARN__DUPLICATE_METHOD_MATCH = YES;
				COPY_PHASE_STRIP = NO;
				DEBUG_INFORMATION_FORMAT = dwarf;
				ENABLE_STRICT_OBJC_MSGSEND = YES;
				ENABLE_TESTABILITY = YES;
				ENABLE_USER_SCRIPT_SANDBOXING = YES;
				GCC_C_LANGUAGE_STANDARD = gnu17;
				GCC_DYNAMIC_NO_PIC = NO;
				GCC_NO_COMMON_BLOCKS = YES;
				GCC_OPTIMIZATION_LEVEL = 0;
				GCC_PREPROCESSOR_DEFINITIONS = (
					"DEBUG=1",
					"$(inherited)",
				);
				GCC_WARN_64_TO_32_BIT_CONVERSION = YES;
				GCC_WARN_ABOUT_RETURN_TYPE = YES_ERROR;
				GCC_WARN_UNDECLARED_SELECTOR = YES;
				GCC_WARN_UNINITIALIZED_AUTOS = YES_AGGRESSIVE;
				GCC_WARN_UNUSED_FUNCTION = YES;
				GCC_WARN_UNUSED_VARIABLE = YES;
				IPHONEOS_DEPLOYMENT_TARGET = 17.0;
				LOCALIZATION_PREFERS_STRING_CATALOGS = YES;
				MTL_ENABLE_DEBUG_INFO = INCLUDE_SOURCE;
				MTL_FAST_MATH = YES;
				ONLY_ACTIVE_ARCH = YES;
				SDKROOT = iphoneos;
				SWIFT_ACTIVE_COMPILATION_CONDITIONS = "DEBUG $(inherited)";
				SWIFT_OPTIMIZATION_LEVEL = "-Onone";
			};
			name = Debug;
		};
		9EFE92FC2B386FE00058237A /* Release */ = {
			isa = XCBuildConfiguration;
			buildSettings = {
				ALWAYS_SEARCH_USER_PATHS = NO;
				ASSETCATALOG_COMPILER_GENERATE_SWIFT_ASSET_SYMBOL_EXTENSIONS = YES;
				CLANG_ANALYZER_NONNULL = YES;
				CLANG_ANALYZER_NUMBER_OBJECT_CONVERSION = YES_AGGRESSIVE;
				CLANG_CXX_LANGUAGE_STANDARD = "gnu++20";
				CLANG_ENABLE_MODULES = YES;
				CLANG_ENABLE_OBJC_ARC = YES;
				CLANG_ENABLE_OBJC_WEAK = YES;
				CLANG_WARN_BLOCK_CAPTURE_AUTORELEASING = YES;
				CLANG_WARN_BOOL_CONVERSION = YES;
				CLANG_WARN_COMMA = YES;
				CLANG_WARN_CONSTANT_CONVERSION = YES;
				CLANG_WARN_DEPRECATED_OBJC_IMPLEMENTATIONS = YES;
				CLANG_WARN_DIRECT_OBJC_ISA_USAGE = YES_ERROR;
				CLANG_WARN_DOCUMENTATION_COMMENTS = YES;
				CLANG_WARN_EMPTY_BODY = YES;
				CLANG_WARN_ENUM_CONVERSION = YES;
				CLANG_WARN_INFINITE_RECURSION = YES;
				CLANG_WARN_INT_CONVERSION = YES;
				CLANG_WARN_NON_LITERAL_NULL_CONVERSION = YES;
				CLANG_WARN_OBJC_IMPLICIT_RETAIN_SELF = YES;
				CLANG_WARN_OBJC_LITERAL_CONVERSION = YES;
				CLANG_WARN_OBJC_ROOT_CLASS = YES_ERROR;
				CLANG_WARN_QUOTED_INCLUDE_IN_FRAMEWORK_HEADER = YES;
				CLANG_WARN_RANGE_LOOP_ANALYSIS = YES;
				CLANG_WARN_STRICT_PROTOTYPES = YES;
				CLANG_WARN_SUSPICIOUS_MOVE = YES;
				CLANG_WARN_UNGUARDED_AVAILABILITY = YES_AGGRESSIVE;
				CLANG_WARN_UNREACHABLE_CODE = YES;
				CLANG_WARN__DUPLICATE_METHOD_MATCH = YES;
				COPY_PHASE_STRIP = NO;
				DEBUG_INFORMATION_FORMAT = "dwarf-with-dsym";
				ENABLE_NS_ASSERTIONS = NO;
				ENABLE_STRICT_OBJC_MSGSEND = YES;
				ENABLE_USER_SCRIPT_SANDBOXING = YES;
				GCC_C_LANGUAGE_STANDARD = gnu17;
				GCC_NO_COMMON_BLOCKS = YES;
				GCC_WARN_64_TO_32_BIT_CONVERSION = YES;
				GCC_WARN_ABOUT_RETURN_TYPE = YES_ERROR;
				GCC_WARN_UNDECLARED_SELECTOR = YES;
				GCC_WARN_UNINITIALIZED_AUTOS = YES_AGGRESSIVE;
				GCC_WARN_UNUSED_FUNCTION = YES;
				GCC_WARN_UNUSED_VARIABLE = YES;
				IPHONEOS_DEPLOYMENT_TARGET = 17.0;
				LOCALIZATION_PREFERS_STRING_CATALOGS = YES;
				MTL_ENABLE_DEBUG_INFO = NO;
				MTL_FAST_MATH = YES;
				SDKROOT = iphoneos;
				SWIFT_COMPILATION_MODE = wholemodule;
				VALIDATE_PRODUCT = YES;
			};
			name = Release;
		};
		9EFE92FE2B386FE00058237A /* Debug */ = {
			isa = XCBuildConfiguration;
			buildSettings = {
				ASSETCATALOG_COMPILER_APPICON_NAME = AppIcon;
				ASSETCATALOG_COMPILER_GLOBAL_ACCENT_COLOR_NAME = AccentColor;
				CODE_SIGN_STYLE = Automatic;
				CURRENT_PROJECT_VERSION = 1;
				DEVELOPMENT_ASSET_PATHS = "\"news/Preview Content\"";
				DEVELOPMENT_TEAM = 532GA5V6NJ;
				ENABLE_PREVIEWS = YES;
				GENERATE_INFOPLIST_FILE = YES;
				INFOPLIST_KEY_UIApplicationSceneManifest_Generation = YES;
				INFOPLIST_KEY_UIApplicationSupportsIndirectInputEvents = YES;
				INFOPLIST_KEY_UILaunchScreen_Generation = YES;
				INFOPLIST_KEY_UISupportedInterfaceOrientations_iPad = "UIInterfaceOrientationPortrait UIInterfaceOrientationPortraitUpsideDown UIInterfaceOrientationLandscapeLeft UIInterfaceOrientationLandscapeRight";
				INFOPLIST_KEY_UISupportedInterfaceOrientations_iPhone = "UIInterfaceOrientationPortrait UIInterfaceOrientationLandscapeLeft UIInterfaceOrientationLandscapeRight";
				LD_RUNPATH_SEARCH_PATHS = (
					"$(inherited)",
					"@executable_path/Frameworks",
				);
				MARKETING_VERSION = 1.0;
				PRODUCT_BUNDLE_IDENTIFIER = "com.naariman.job-search";
				PRODUCT_NAME = "$(TARGET_NAME)";
				SWIFT_EMIT_LOC_STRINGS = YES;
				SWIFT_VERSION = 5.0;
				TARGETED_DEVICE_FAMILY = "1,2";
			};
			name = Debug;
		};
		9EFE92FF2B386FE00058237A /* Release */ = {
			isa = XCBuildConfiguration;
			buildSettings = {
				ASSETCATALOG_COMPILER_APPICON_NAME = AppIcon;
				ASSETCATALOG_COMPILER_GLOBAL_ACCENT_COLOR_NAME = AccentColor;
				CODE_SIGN_STYLE = Automatic;
				CURRENT_PROJECT_VERSION = 1;
				DEVELOPMENT_ASSET_PATHS = "\"news/Preview Content\"";
				DEVELOPMENT_TEAM = 532GA5V6NJ;
				ENABLE_PREVIEWS = YES;
				GENERATE_INFOPLIST_FILE = YES;
				INFOPLIST_KEY_UIApplicationSceneManifest_Generation = YES;
				INFOPLIST_KEY_UIApplicationSupportsIndirectInputEvents = YES;
				INFOPLIST_KEY_UILaunchScreen_Generation = YES;
				INFOPLIST_KEY_UISupportedInterfaceOrientations_iPad = "UIInterfaceOrientationPortrait UIInterfaceOrientationPortraitUpsideDown UIInterfaceOrientationLandscapeLeft UIInterfaceOrientationLandscapeRight";
				INFOPLIST_KEY_UISupportedInterfaceOrientations_iPhone = "UIInterfaceOrientationPortrait UIInterfaceOrientationLandscapeLeft UIInterfaceOrientationLandscapeRight";
				LD_RUNPATH_SEARCH_PATHS = (
					"$(inherited)",
					"@executable_path/Frameworks",
				);
				MARKETING_VERSION = 1.0;
				PRODUCT_BUNDLE_IDENTIFIER = "com.naariman.job-search";
				PRODUCT_NAME = "$(TARGET_NAME)";
				SWIFT_EMIT_LOC_STRINGS = YES;
				SWIFT_VERSION = 5.0;
				TARGETED_DEVICE_FAMILY = "1,2";
			};
			name = Release;
		};
/* End XCBuildConfiguration section */

/* Begin XCConfigurationList section */
		9EFE92EA2B386FDE0058237A /* Build configuration list for PBXProject "news" */ = {
			isa = XCConfigurationList;
			buildConfigurations = (
				9EFE92FB2B386FE00058237A /* Debug */,
				9EFE92FC2B386FE00058237A /* Release */,
			);
			defaultConfigurationIsVisible = 0;
			defaultConfigurationName = Release;
		};
		9EFE92FD2B386FE00058237A /* Build configuration list for PBXNativeTarget "news" */ = {
			isa = XCConfigurationList;
			buildConfigurations = (
				9EFE92FE2B386FE00058237A /* Debug */,
				9EFE92FF2B386FE00058237A /* Release */,
			);
			defaultConfigurationIsVisible = 0;
			defaultConfigurationName = Release;
		};
/* End XCConfigurationList section */

/* Begin XCRemoteSwiftPackageReference section */
		9EFE93022B387F0F0058237A /* XCRemoteSwiftPackageReference "Alamofire" */ = {
			isa = XCRemoteSwiftPackageReference;
			repositoryURL = "https://github.com/Alamofire/Alamofire.git";
			requirement = {
				kind = upToNextMajorVersion;
				minimumVersion = 5.8.1;
			};
		};
/* End XCRemoteSwiftPackageReference section */

/* Begin XCSwiftPackageProductDependency section */
		9EFE93032B387F0F0058237A /* Alamofire */ = {
			isa = XCSwiftPackageProductDependency;
			package = 9EFE93022B387F0F0058237A /* XCRemoteSwiftPackageReference "Alamofire" */;
			productName = Alamofire;
		};
/* End XCSwiftPackageProductDependency section */
	};
	rootObject = 9EFE92E72B386FDE0058237A /* Project object */;
}
